
Microsoft Visual Studio Solution File, Format Version 12.00
# Visual Studio Version 16
VisualStudioVersion = 16.0.32106.194
MinimumVisualStudioVersion = 10.0.40219.1
Project("{FAE04EC0-301F-11D3-BF4B-00C04F79EFBC}") = "Prueba", "Prueba\Prueba.csproj", "{F1946553-E67D-4415-8FAA-3CE462D06553}"
EndProject
Global
	GlobalSection(SolutionConfigurationPlatforms) = preSolution
		Debug|Any CPU = Debug|Any CPU
		Release|Any CPU = Release|Any CPU
	EndGlobalSection
	GlobalSection(ProjectConfigurationPlatforms) = postSolution
		{F1946553-E67D-4415-8FAA-3CE462D06553}.Debug|Any CPU.ActiveCfg = Debug|Any CPU
		{F1946553-E67D-4415-8FAA-3CE462D06553}.Debug|Any CPU.Build.0 = Debug|Any CPU
		{F1946553-E67D-4415-8FAA-3CE462D06553}.Release|Any CPU.ActiveCfg = Release|Any CPU
		{F1946553-E67D-4415-8FAA-3CE462D06553}.Release|Any CPU.Build.0 = Release|Any CPU
	EndGlobalSection
	GlobalSection(SolutionProperties) = preSolution
		HideSolutionNode = FALSE
	EndGlobalSection
	GlobalSection(ExtensibilityGlobals) = postSolution
		SolutionGuid = {3AAA08A7-9C55-45E9-85D5-AE20BBB492AF}
	EndGlobalSection
EndGlobal
